// !$*UTF8*$!
{
	archiveVersion = 1;
	classes = {
	};
	objectVersion = 50;
	objects = {

/* Begin PBXBuildFile section */
		15BBD42121E559B80046295F /* AppDelegate.swift in Sources */ = {isa = PBXBuildFile; fileRef = 15BBD42021E559B80046295F /* AppDelegate.swift */; };
		15BBD42321E559B80046295F /* NewsTableViewController.swift in Sources */ = {isa = PBXBuildFile; fileRef = 15BBD42221E559B80046295F /* NewsTableViewController.swift */; };
		15BBD42621E559B80046295F /* Main.storyboard in Resources */ = {isa = PBXBuildFile; fileRef = 15BBD42421E559B80046295F /* Main.storyboard */; };
		15BBD42921E559B80046295F /* TinkoffNews.xcdatamodeld in Sources */ = {isa = PBXBuildFile; fileRef = 15BBD42721E559B80046295F /* TinkoffNews.xcdatamodeld */; };
		15BBD42B21E559BA0046295F /* Assets.xcassets in Resources */ = {isa = PBXBuildFile; fileRef = 15BBD42A21E559BA0046295F /* Assets.xcassets */; };
		15BBD42E21E559BA0046295F /* LaunchScreen.storyboard in Resources */ = {isa = PBXBuildFile; fileRef = 15BBD42C21E559BA0046295F /* LaunchScreen.storyboard */; };
		15BBD43621E578940046295F /* NewsTableViewCell.swift in Sources */ = {isa = PBXBuildFile; fileRef = 15BBD43521E578940046295F /* NewsTableViewCell.swift */; };
		15BBD43821E57A9B0046295F /* News.swift in Sources */ = {isa = PBXBuildFile; fileRef = 15BBD43721E57A9B0046295F /* News.swift */; };
		15BBD43A21E57D0A0046295F /* NewsClient.swift in Sources */ = {isa = PBXBuildFile; fileRef = 15BBD43921E57D0A0046295F /* NewsClient.swift */; };
		15BBD43E21E581B10046295F /* Result.swift in Sources */ = {isa = PBXBuildFile; fileRef = 15BBD43D21E581B10046295F /* Result.swift */; };
		15BBD44021E581E40046295F /* DataResponseError.swift in Sources */ = {isa = PBXBuildFile; fileRef = 15BBD43F21E581E40046295F /* DataResponseError.swift */; };
		15BBD44221E582440046295F /* PagedNewsResponse.swift in Sources */ = {isa = PBXBuildFile; fileRef = 15BBD44121E582440046295F /* PagedNewsResponse.swift */; };
		15BBD44421E584C30046295F /* NewsViewModel.swift in Sources */ = {isa = PBXBuildFile; fileRef = 15BBD44321E584C30046295F /* NewsViewModel.swift */; };
		15BBD44621E59CFC0046295F /* AlertDisplayer.swift in Sources */ = {isa = PBXBuildFile; fileRef = 15BBD44521E59CFC0046295F /* AlertDisplayer.swift */; };
		15BBD44821E5FA420046295F /* NewsViewController.swift in Sources */ = {isa = PBXBuildFile; fileRef = 15BBD44721E5FA420046295F /* NewsViewController.swift */; };
		15BBD44A21E6011F0046295F /* NewsText.swift in Sources */ = {isa = PBXBuildFile; fileRef = 15BBD44921E6011F0046295F /* NewsText.swift */; };
/* End PBXBuildFile section */

/* Begin PBXFileReference section */
		15BBD41D21E559B80046295F /* TinkoffNews.app */ = {isa = PBXFileReference; explicitFileType = wrapper.application; includeInIndex = 0; path = TinkoffNews.app; sourceTree = BUILT_PRODUCTS_DIR; };
		15BBD42021E559B80046295F /* AppDelegate.swift */ = {isa = PBXFileReference; lastKnownFileType = sourcecode.swift; path = AppDelegate.swift; sourceTree = "<group>"; };
		15BBD42221E559B80046295F /* NewsTableViewController.swift */ = {isa = PBXFileReference; lastKnownFileType = sourcecode.swift; path = NewsTableViewController.swift; sourceTree = "<group>"; };
		15BBD42521E559B80046295F /* Base */ = {isa = PBXFileReference; lastKnownFileType = file.storyboard; name = Base; path = Base.lproj/Main.storyboard; sourceTree = "<group>"; };
		15BBD42821E559B80046295F /* TinkoffNews.xcdatamodel */ = {isa = PBXFileReference; lastKnownFileType = wrapper.xcdatamodel; path = TinkoffNews.xcdatamodel; sourceTree = "<group>"; };
		15BBD42A21E559BA0046295F /* Assets.xcassets */ = {isa = PBXFileReference; lastKnownFileType = folder.assetcatalog; path = Assets.xcassets; sourceTree = "<group>"; };
		15BBD42D21E559BA0046295F /* Base */ = {isa = PBXFileReference; lastKnownFileType = file.storyboard; name = Base; path = Base.lproj/LaunchScreen.storyboard; sourceTree = "<group>"; };
		15BBD42F21E559BA0046295F /* Info.plist */ = {isa = PBXFileReference; lastKnownFileType = text.plist.xml; path = Info.plist; sourceTree = "<group>"; };
		15BBD43521E578940046295F /* NewsTableViewCell.swift */ = {isa = PBXFileReference; lastKnownFileType = sourcecode.swift; path = NewsTableViewCell.swift; sourceTree = "<group>"; };
		15BBD43721E57A9B0046295F /* News.swift */ = {isa = PBXFileReference; lastKnownFileType = sourcecode.swift; path = News.swift; sourceTree = "<group>"; };
		15BBD43921E57D0A0046295F /* NewsClient.swift */ = {isa = PBXFileReference; lastKnownFileType = sourcecode.swift; path = NewsClient.swift; sourceTree = "<group>"; };
		15BBD43D21E581B10046295F /* Result.swift */ = {isa = PBXFileReference; lastKnownFileType = sourcecode.swift; path = Result.swift; sourceTree = "<group>"; };
		15BBD43F21E581E40046295F /* DataResponseError.swift */ = {isa = PBXFileReference; lastKnownFileType = sourcecode.swift; path = DataResponseError.swift; sourceTree = "<group>"; };
		15BBD44121E582440046295F /* PagedNewsResponse.swift */ = {isa = PBXFileReference; lastKnownFileType = sourcecode.swift; path = PagedNewsResponse.swift; sourceTree = "<group>"; };
		15BBD44321E584C30046295F /* NewsViewModel.swift */ = {isa = PBXFileReference; lastKnownFileType = sourcecode.swift; path = NewsViewModel.swift; sourceTree = "<group>"; };
		15BBD44521E59CFC0046295F /* AlertDisplayer.swift */ = {isa = PBXFileReference; lastKnownFileType = sourcecode.swift; path = AlertDisplayer.swift; sourceTree = "<group>"; };
		15BBD44721E5FA420046295F /* NewsViewController.swift */ = {isa = PBXFileReference; lastKnownFileType = sourcecode.swift; path = NewsViewController.swift; sourceTree = "<group>"; };
		15BBD44921E6011F0046295F /* NewsText.swift */ = {isa = PBXFileReference; lastKnownFileType = sourcecode.swift; path = NewsText.swift; sourceTree = "<group>"; };
/* End PBXFileReference section */

/* Begin PBXFrameworksBuildPhase section */
		15BBD41A21E559B80046295F /* Frameworks */ = {
			isa = PBXFrameworksBuildPhase;
			buildActionMask = 2147483647;
			files = (
			);
			runOnlyForDeploymentPostprocessing = 0;
		};
/* End PBXFrameworksBuildPhase section */

/* Begin PBXGroup section */
		15BBD41421E559B80046295F = {
			isa = PBXGroup;
			children = (
				15BBD41F21E559B80046295F /* TinkoffNews */,
				15BBD41E21E559B80046295F /* Products */,
			);
			sourceTree = "<group>";
		};
		15BBD41E21E559B80046295F /* Products */ = {
			isa = PBXGroup;
			children = (
				15BBD41D21E559B80046295F /* TinkoffNews.app */,
			);
			name = Products;
			sourceTree = "<group>";
		};
		15BBD41F21E559B80046295F /* TinkoffNews */ = {
			isa = PBXGroup;
			children = (
				15BBD42021E559B80046295F /* AppDelegate.swift */,
				15BBD44C21E6578A0046295F /* ViewModels */,
				15BBD42421E559B80046295F /* Main.storyboard */,
				15BBD42A21E559BA0046295F /* Assets.xcassets */,
				15BBD42C21E559BA0046295F /* LaunchScreen.storyboard */,
				15BBD42F21E559BA0046295F /* Info.plist */,
				15BBD42721E559B80046295F /* TinkoffNews.xcdatamodeld */,
				15BBD44F21E657C90046295F /* Views */,
				15BBD44B21E6577C0046295F /* Models */,
				15BBD44E21E657B00046295F /* Network */,
				15BBD44D21E6579A0046295F /* Controllers */,
			);
			path = TinkoffNews;
			sourceTree = "<group>";
		};
		15BBD44B21E6577C0046295F /* Models */ = {
			isa = PBXGroup;
			children = (
				15BBD43721E57A9B0046295F /* News.swift */,
			);
			name = Models;
			sourceTree = "<group>";
		};
		15BBD44C21E6578A0046295F /* ViewModels */ = {
			isa = PBXGroup;
			children = (
				15BBD44321E584C30046295F /* NewsViewModel.swift */,
			);
			name = ViewModels;
			sourceTree = "<group>";
		};
		15BBD44D21E6579A0046295F /* Controllers */ = {
			isa = PBXGroup;
			children = (
				15BBD42221E559B80046295F /* NewsTableViewController.swift */,
				15BBD44721E5FA420046295F /* NewsViewController.swift */,
			);
			name = Controllers;
			sourceTree = "<group>";
		};
		15BBD44E21E657B00046295F /* Network */ = {
			isa = PBXGroup;
			children = (
				15BBD44921E6011F0046295F /* NewsText.swift */,
				15BBD44121E582440046295F /* PagedNewsResponse.swift */,
				15BBD43D21E581B10046295F /* Result.swift */,
				15BBD43F21E581E40046295F /* DataResponseError.swift */,
				15BBD43921E57D0A0046295F /* NewsClient.swift */,
			);
			name = Network;
			sourceTree = "<group>";
		};
		15BBD44F21E657C90046295F /* Views */ = {
			isa = PBXGroup;
			children = (
				15BBD44521E59CFC0046295F /* AlertDisplayer.swift */,
				15BBD43521E578940046295F /* NewsTableViewCell.swift */,
			);
			name = Views;
			sourceTree = "<group>";
		};
/* End PBXGroup section */

/* Begin PBXNativeTarget section */
		15BBD41C21E559B80046295F /* TinkoffNews */ = {
			isa = PBXNativeTarget;
			buildConfigurationList = 15BBD43221E559BA0046295F /* Build configuration list for PBXNativeTarget "TinkoffNews" */;
			buildPhases = (
				15BBD41921E559B80046295F /* Sources */,
				15BBD41A21E559B80046295F /* Frameworks */,
				15BBD41B21E559B80046295F /* Resources */,
			);
			buildRules = (
			);
			dependencies = (
			);
			name = TinkoffNews;
			productName = TinkoffNews;
			productReference = 15BBD41D21E559B80046295F /* TinkoffNews.app */;
			productType = "com.apple.product-type.application";
		};
/* End PBXNativeTarget section */

/* Begin PBXProject section */
		15BBD41521E559B80046295F /* Project object */ = {
			isa = PBXProject;
			attributes = {
				LastSwiftUpdateCheck = 1000;
				LastUpgradeCheck = 1000;
				ORGANIZATIONNAME = "Вадим Гатауллин";
				TargetAttributes = {
					15BBD41C21E559B80046295F = {
						CreatedOnToolsVersion = 10.0;
					};
				};
			};
			buildConfigurationList = 15BBD41821E559B80046295F /* Build configuration list for PBXProject "TinkoffNews" */;
			compatibilityVersion = "Xcode 9.3";
			developmentRegion = en;
			hasScannedForEncodings = 0;
			knownRegions = (
				en,
				Base,
			);
			mainGroup = 15BBD41421E559B80046295F;
			productRefGroup = 15BBD41E21E559B80046295F /* Products */;
			projectDirPath = "";
			projectRoot = "";
			targets = (
				15BBD41C21E559B80046295F /* TinkoffNews */,
			);
		};
/* End PBXProject section */

/* Begin PBXResourcesBuildPhase section */
		15BBD41B21E559B80046295F /* Resources */ = {
			isa = PBXResourcesBuildPhase;
			buildActionMask = 2147483647;
			files = (
				15BBD42E21E559BA0046295F /* LaunchScreen.storyboard in Resources */,
				15BBD42B21E559BA0046295F /* Assets.xcassets in Resources */,
				15BBD42621E559B80046295F /* Main.storyboard in Resources */,
			);
			runOnlyForDeploymentPostprocessing = 0;
		};
/* End PBXResourcesBuildPhase section */

/* Begin PBXSourcesBuildPhase section */
		15BBD41921E559B80046295F /* Sources */ = {
			isa = PBXSourcesBuildPhase;
			buildActionMask = 2147483647;
			files = (
				15BBD42921E559B80046295F /* TinkoffNews.xcdatamodeld in Sources */,
				15BBD42321E559B80046295F /* NewsTableViewController.swift in Sources */,
				15BBD43621E578940046295F /* NewsTableViewCell.swift in Sources */,
				15BBD44821E5FA420046295F /* NewsViewController.swift in Sources */,
				15BBD44621E59CFC0046295F /* AlertDisplayer.swift in Sources */,
				15BBD43A21E57D0A0046295F /* NewsClient.swift in Sources */,
				15BBD44221E582440046295F /* PagedNewsResponse.swift in Sources */,
				15BBD43E21E581B10046295F /* Result.swift in Sources */,
				15BBD44A21E6011F0046295F /* NewsText.swift in Sources */,
				15BBD44021E581E40046295F /* DataResponseError.swift in Sources */,
				15BBD44421E584C30046295F /* NewsViewModel.swift in Sources */,
				15BBD43821E57A9B0046295F /* News.swift in Sources */,
				15BBD42121E559B80046295F /* AppDelegate.swift in Sources */,
			);
			runOnlyForDeploymentPostprocessing = 0;
		};
/* End PBXSourcesBuildPhase section */

/* Begin PBXVariantGroup section */
		15BBD42421E559B80046295F /* Main.storyboard */ = {
			isa = PBXVariantGroup;
			children = (
				15BBD42521E559B80046295F /* Base */,
			);
			name = Main.storyboard;
			sourceTree = "<group>";
		};
		15BBD42C21E559BA0046295F /* LaunchScreen.storyboard */ = {
			isa = PBXVariantGroup;
			children = (
				15BBD42D21E559BA0046295F /* Base */,
			);
			name = LaunchScreen.storyboard;
			sourceTree = "<group>";
		};
/* End PBXVariantGroup section */

/* Begin XCBuildConfiguration section */
		15BBD43021E559BA0046295F /* Debug */ = {
			isa = XCBuildConfiguration;
			buildSettings = {
				ALWAYS_SEARCH_USER_PATHS = NO;
				CLANG_ANALYZER_NONNULL = YES;
				CLANG_ANALYZER_NUMBER_OBJECT_CONVERSION = YES_AGGRESSIVE;
				CLANG_CXX_LANGUAGE_STANDARD = "gnu++14";
				CLANG_CXX_LIBRARY = "libc++";
				CLANG_ENABLE_MODULES = YES;
				CLANG_ENABLE_OBJC_ARC = YES;
				CLANG_ENABLE_OBJC_WEAK = YES;
				CLANG_WARN_BLOCK_CAPTURE_AUTORELEASING = YES;
				CLANG_WARN_BOOL_CONVERSION = YES;
				CLANG_WARN_COMMA = YES;
				CLANG_WARN_CONSTANT_CONVERSION = YES;
				CLANG_WARN_DEPRECATED_OBJC_IMPLEMENTATIONS = YES;
				CLANG_WARN_DIRECT_OBJC_ISA_USAGE = YES_ERROR;
				CLANG_WARN_DOCUMENTATION_COMMENTS = YES;
				CLANG_WARN_EMPTY_BODY = YES;
				CLANG_WARN_ENUM_CONVERSION = YES;
				CLANG_WARN_INFINITE_RECURSION = YES;
				CLANG_WARN_INT_CONVERSION = YES;
				CLANG_WARN_NON_LITERAL_NULL_CONVERSION = YES;
				CLANG_WARN_OBJC_IMPLICIT_RETAIN_SELF = YES;
				CLANG_WARN_OBJC_LITERAL_CONVERSION = YES;
				CLANG_WARN_OBJC_ROOT_CLASS = YES_ERROR;
				CLANG_WARN_RANGE_LOOP_ANALYSIS = YES;
				CLANG_WARN_STRICT_PROTOTYPES = YES;
				CLANG_WARN_SUSPICIOUS_MOVE = YES;
				CLANG_WARN_UNGUARDED_AVAILABILITY = YES_AGGRESSIVE;
				CLANG_WARN_UNREACHABLE_CODE = YES;
				CLANG_WARN__DUPLICATE_METHOD_MATCH = YES;
				CODE_SIGN_IDENTITY = "iPhone Developer";
				COPY_PHASE_STRIP = NO;
				DEBUG_INFORMATION_FORMAT = dwarf;
				ENABLE_STRICT_OBJC_MSGSEND = YES;
				ENABLE_TESTABILITY = YES;
				GCC_C_LANGUAGE_STANDARD = gnu11;
				GCC_DYNAMIC_NO_PIC = NO;
				GCC_NO_COMMON_BLOCKS = YES;
				GCC_OPTIMIZATION_LEVEL = 0;
				GCC_PREPROCESSOR_DEFINITIONS = (
					"DEBUG=1",
					"$(inherited)",
				);
				GCC_WARN_64_TO_32_BIT_CONVERSION = YES;
				GCC_WARN_ABOUT_RETURN_TYPE = YES_ERROR;
				GCC_WARN_UNDECLARED_SELECTOR = YES;
				GCC_WARN_UNINITIALIZED_AUTOS = YES_AGGRESSIVE;
				GCC_WARN_UNUSED_FUNCTION = YES;
				GCC_WARN_UNUSED_VARIABLE = YES;
				IPHONEOS_DEPLOYMENT_TARGET = 12.0;
				MTL_ENABLE_DEBUG_INFO = INCLUDE_SOURCE;
				MTL_FAST_MATH = YES;
				ONLY_ACTIVE_ARCH = YES;
				SDKROOT = iphoneos;
				SWIFT_ACTIVE_COMPILATION_CONDITIONS = DEBUG;
				SWIFT_OPTIMIZATION_LEVEL = "-Onone";
			};
			name = Debug;
		};
		15BBD43121E559BA0046295F /* Release */ = {
			isa = XCBuildConfiguration;
			buildSettings = {
				ALWAYS_SEARCH_USER_PATHS = NO;
				CLANG_ANALYZER_NONNULL = YES;
				CLANG_ANALYZER_NUMBER_OBJECT_CONVERSION = YES_AGGRESSIVE;
				CLANG_CXX_LANGUAGE_STANDARD = "gnu++14";
				CLANG_CXX_LIBRARY = "libc++";
				CLANG_ENABLE_MODULES = YES;
				CLANG_ENABLE_OBJC_ARC = YES;
				CLANG_ENABLE_OBJC_WEAK = YES;
				CLANG_WARN_BLOCK_CAPTURE_AUTORELEASING = YES;
				CLANG_WARN_BOOL_CONVERSION = YES;
				CLANG_WARN_COMMA = YES;
				CLANG_WARN_CONSTANT_CONVERSION = YES;
				CLANG_WARN_DEPRECATED_OBJC_IMPLEMENTATIONS = YES;
				CLANG_WARN_DIRECT_OBJC_ISA_USAGE = YES_ERROR;
				CLANG_WARN_DOCUMENTATION_COMMENTS = YES;
				CLANG_WARN_EMPTY_BODY = YES;
				CLANG_WARN_ENUM_CONVERSION = YES;
				CLANG_WARN_INFINITE_RECURSION = YES;
				CLANG_WARN_INT_CONVERSION = YES;
				CLANG_WARN_NON_LITERAL_NULL_CONVERSION = YES;
				CLANG_WARN_OBJC_IMPLICIT_RETAIN_SELF = YES;
				CLANG_WARN_OBJC_LITERAL_CONVERSION = YES;
				CLANG_WARN_OBJC_ROOT_CLASS = YES_ERROR;
				CLANG_WARN_RANGE_LOOP_ANALYSIS = YES;
				CLANG_WARN_STRICT_PROTOTYPES = YES;
				CLANG_WARN_SUSPICIOUS_MOVE = YES;
				CLANG_WARN_UNGUARDED_AVAILABILITY = YES_AGGRESSIVE;
				CLANG_WARN_UNREACHABLE_CODE = YES;
				CLANG_WARN__DUPLICATE_METHOD_MATCH = YES;
				CODE_SIGN_IDENTITY = "iPhone Developer";
				COPY_PHASE_STRIP = NO;
				DEBUG_INFORMATION_FORMAT = "dwarf-with-dsym";
				ENABLE_NS_ASSERTIONS = NO;
				ENABLE_STRICT_OBJC_MSGSEND = YES;
				GCC_C_LANGUAGE_STANDARD = gnu11;
				GCC_NO_COMMON_BLOCKS = YES;
				GCC_WARN_64_TO_32_BIT_CONVERSION = YES;
				GCC_WARN_ABOUT_RETURN_TYPE = YES_ERROR;
				GCC_WARN_UNDECLARED_SELECTOR = YES;
				GCC_WARN_UNINITIALIZED_AUTOS = YES_AGGRESSIVE;
				GCC_WARN_UNUSED_FUNCTION = YES;
				GCC_WARN_UNUSED_VARIABLE = YES;
				IPHONEOS_DEPLOYMENT_TARGET = 12.0;
				MTL_ENABLE_DEBUG_INFO = NO;
				MTL_FAST_MATH = YES;
				SDKROOT = iphoneos;
				SWIFT_COMPILATION_MODE = wholemodule;
				SWIFT_OPTIMIZATION_LEVEL = "-O";
				VALIDATE_PRODUCT = YES;
			};
			name = Release;
		};
		15BBD43321E559BA0046295F /* Debug */ = {
			isa = XCBuildConfiguration;
			buildSettings = {
				ASSETCATALOG_COMPILER_APPICON_NAME = AppIcon;
				CODE_SIGN_STYLE = Automatic;
				DEVELOPMENT_TEAM = Z4G7NU3343;
				INFOPLIST_FILE = TinkoffNews/Info.plist;
				LD_RUNPATH_SEARCH_PATHS = (
					"$(inherited)",
					"@executable_path/Frameworks",
				);
				PRODUCT_BUNDLE_IDENTIFIER = vprod.TinkoffNews;
				PRODUCT_NAME = "$(TARGET_NAME)";
				SWIFT_VERSION = 4.2;
				TARGETED_DEVICE_FAMILY = "1,2";
			};
			name = Debug;
		};
		15BBD43421E559BA0046295F /* Release */ = {
			isa = XCBuildConfiguration;
			buildSettings = {
				ASSETCATALOG_COMPILER_APPICON_NAME = AppIcon;
				CODE_SIGN_STYLE = Automatic;
				DEVELOPMENT_TEAM = Z4G7NU3343;
				INFOPLIST_FILE = TinkoffNews/Info.plist;
				LD_RUNPATH_SEARCH_PATHS = (
					"$(inherited)",
					"@executable_path/Frameworks",
				);
				PRODUCT_BUNDLE_IDENTIFIER = vprod.TinkoffNews;
				PRODUCT_NAME = "$(TARGET_NAME)";
				SWIFT_VERSION = 4.2;
				TARGETED_DEVICE_FAMILY = "1,2";
			};
			name = Release;
		};
/* End XCBuildConfiguration section */

/* Begin XCConfigurationList section */
		15BBD41821E559B80046295F /* Build configuration list for PBXProject "TinkoffNews" */ = {
			isa = XCConfigurationList;
			buildConfigurations = (
				15BBD43021E559BA0046295F /* Debug */,
				15BBD43121E559BA0046295F /* Release */,
			);
			defaultConfigurationIsVisible = 0;
			defaultConfigurationName = Release;
		};
		15BBD43221E559BA0046295F /* Build configuration list for PBXNativeTarget "TinkoffNews" */ = {
			isa = XCConfigurationList;
			buildConfigurations = (
				15BBD43321E559BA0046295F /* Debug */,
				15BBD43421E559BA0046295F /* Release */,
			);
			defaultConfigurationIsVisible = 0;
			defaultConfigurationName = Release;
		};
/* End XCConfigurationList section */

/* Begin XCVersionGroup section */
		15BBD42721E559B80046295F /* TinkoffNews.xcdatamodeld */ = {
			isa = XCVersionGroup;
			children = (
				15BBD42821E559B80046295F /* TinkoffNews.xcdatamodel */,
			);
			currentVersion = 15BBD42821E559B80046295F /* TinkoffNews.xcdatamodel */;
			path = TinkoffNews.xcdatamodeld;
			sourceTree = "<group>";
			versionGroupType = wrapper.xcdatamodel;
		};
/* End XCVersionGroup section */
	};
	rootObject = 15BBD41521E559B80046295F /* Project object */;
}
